
Microsoft Visual Studio Solution File, Format Version 12.00
# Visual Studio Version 17
VisualStudioVersion = 17.12.35707.178
MinimumVisualStudioVersion = 10.0.40219.1
Project("{FAE04EC0-301F-11D3-BF4B-00C04F79EFBC}") = "AISmartCodeWithCSharp14", "Source\AISmartCodeWithCSharp14.csproj", "{340CEB3E-AFCA-45D7-A2D5-FEE04F5C22ED}"
EndProject
Project("{FAE04EC0-301F-11D3-BF4B-00C04F79EFBC}") = "AISmartCodeWithCSharp14Tests", "Tests\AISmartCodeWithCSharp14Tests\AISmartCodeWithCSharp14Tests.csproj", "{19D73426-F70D-4A00-BECB-606163AA9BDF}"
EndProject
Global
	GlobalSection(SolutionConfigurationPlatforms) = preSolution
		Debug|Any CPU = Debug|Any CPU
		Release|Any CPU = Release|Any CPU
	EndGlobalSection
	GlobalSection(ProjectConfigurationPlatforms) = postSolution
		{340CEB3E-AFCA-45D7-A2D5-FEE04F5C22ED}.Debug|Any CPU.ActiveCfg = Debug|Any CPU
		{340CEB3E-AFCA-45D7-A2D5-FEE04F5C22ED}.Debug|Any CPU.Build.0 = Debug|Any CPU
		{340CEB3E-AFCA-45D7-A2D5-FEE04F5C22ED}.Release|Any CPU.ActiveCfg = Release|Any CPU
		{340CEB3E-AFCA-45D7-A2D5-FEE04F5C22ED}.Release|Any CPU.Build.0 = Release|Any CPU
		{19D73426-F70D-4A00-BECB-606163AA9BDF}.Debug|Any CPU.ActiveCfg = Debug|Any CPU
		{19D73426-F70D-4A00-BECB-606163AA9BDF}.Debug|Any CPU.Build.0 = Debug|Any CPU
		{19D73426-F70D-4A00-BECB-606163AA9BDF}.Release|Any CPU.ActiveCfg = Release|Any CPU
		{19D73426-F70D-4A00-BECB-606163AA9BDF}.Release|Any CPU.Build.0 = Release|Any CPU
	EndGlobalSection
	GlobalSection(SolutionProperties) = preSolution
		HideSolutionNode = FALSE
	EndGlobalSection
EndGlobal
